// !$*UTF8*$!
{
	archiveVersion = 1;
	classes = {
	};
	objectVersion = 56;
	objects = {

/* Begin PBXBuildFile section */
		E51563BE291A9C4700F723BE /* MoviesViewModel.swift in Sources */ = {isa = PBXBuildFile; fileRef = E51563BD291A9C4700F723BE /* MoviesViewModel.swift */; };
		E51563C2291AA7F200F723BE /* Movie.swift in Sources */ = {isa = PBXBuildFile; fileRef = E51563C1291AA7F200F723BE /* Movie.swift */; };
		E51563C4291ABDC600F723BE /* MovieCell.swift in Sources */ = {isa = PBXBuildFile; fileRef = E51563C3291ABDC600F723BE /* MovieCell.swift */; };
		E51563C6291ABE4200F723BE /* ProvidableProtocol.swift in Sources */ = {isa = PBXBuildFile; fileRef = E51563C5291ABE4200F723BE /* ProvidableProtocol.swift */; };
		E51563C9291AC0E500F723BE /* DefaultCellLayout.swift in Sources */ = {isa = PBXBuildFile; fileRef = E51563C8291AC0E500F723BE /* DefaultCellLayout.swift */; };
		E51563CB291AC31300F723BE /* Colors.swift in Sources */ = {isa = PBXBuildFile; fileRef = E51563CA291AC31300F723BE /* Colors.swift */; };
		E51563CD291AC82F00F723BE /* Images.swift in Sources */ = {isa = PBXBuildFile; fileRef = E51563CC291AC82F00F723BE /* Images.swift */; };
		E51563CF291AC92700F723BE /* TableViewDiffableDataSourceViewModel.swift in Sources */ = {isa = PBXBuildFile; fileRef = E51563CE291AC92700F723BE /* TableViewDiffableDataSourceViewModel.swift */; };
		E51563D1291ACA3000F723BE /* Binding.swift in Sources */ = {isa = PBXBuildFile; fileRef = E51563D0291ACA3000F723BE /* Binding.swift */; };
		E51563D3291ACCAF00F723BE /* MoviesTableViewHandler.swift in Sources */ = {isa = PBXBuildFile; fileRef = E51563D2291ACCAF00F723BE /* MoviesTableViewHandler.swift */; };
		E51563D7291BA4AB00F723BE /* String+Extension.swift in Sources */ = {isa = PBXBuildFile; fileRef = E51563D6291BA4AA00F723BE /* String+Extension.swift */; };
		E51563D9291BA97F00F723BE /* DateFormatter+Extension.swift in Sources */ = {isa = PBXBuildFile; fileRef = E51563D8291BA97F00F723BE /* DateFormatter+Extension.swift */; };
		E51563DB291BE4F000F723BE /* DataProvider.swift in Sources */ = {isa = PBXBuildFile; fileRef = E51563DA291BE4F000F723BE /* DataProvider.swift */; };
		E51563DD291BE5CC00F723BE /* MovieDetails.swift in Sources */ = {isa = PBXBuildFile; fileRef = E51563DC291BE5CC00F723BE /* MovieDetails.swift */; };
		E589543D291D3ED800E613B4 /* ImageDownloader.swift in Sources */ = {isa = PBXBuildFile; fileRef = E589543C291D3ED800E613B4 /* ImageDownloader.swift */; };
		E589543F291D3FCF00E613B4 /* ImageCache.swift in Sources */ = {isa = PBXBuildFile; fileRef = E589543E291D3FCF00E613B4 /* ImageCache.swift */; };
		E5895441291D476000E613B4 /* MovieCellViewModel.swift in Sources */ = {isa = PBXBuildFile; fileRef = E5895440291D476000E613B4 /* MovieCellViewModel.swift */; };
		E5D89E5F291E76010087D932 /* SceneFactory.swift in Sources */ = {isa = PBXBuildFile; fileRef = E5D89E5E291E76010087D932 /* SceneFactory.swift */; };
		E5D89E61291E787C0087D932 /* GenresConfigurator.swift in Sources */ = {isa = PBXBuildFile; fileRef = E5D89E60291E787C0087D932 /* GenresConfigurator.swift */; };
		E5D89E64291E7BF90087D932 /* MovieSceneConfigurator.swift in Sources */ = {isa = PBXBuildFile; fileRef = E5D89E63291E7BF90087D932 /* MovieSceneConfigurator.swift */; };
		E5D89E66291E89390087D932 /* GenresViewModel.swift in Sources */ = {isa = PBXBuildFile; fileRef = E5D89E65291E89390087D932 /* GenresViewModel.swift */; };
		E5D89E68291FC9FB0087D932 /* UIView+Extension.swift in Sources */ = {isa = PBXBuildFile; fileRef = E5D89E67291FC9FB0087D932 /* UIView+Extension.swift */; };
		F9A76D3E2915356B006636D2 /* AppDelegate.swift in Sources */ = {isa = PBXBuildFile; fileRef = F9A76D3D2915356B006636D2 /* AppDelegate.swift */; };
		F9A76D402915356B006636D2 /* SceneDelegate.swift in Sources */ = {isa = PBXBuildFile; fileRef = F9A76D3F2915356B006636D2 /* SceneDelegate.swift */; };
		F9A76D422915356B006636D2 /* GenresViewController.swift in Sources */ = {isa = PBXBuildFile; fileRef = F9A76D412915356B006636D2 /* GenresViewController.swift */; };
		F9A76D472915356C006636D2 /* Assets.xcassets in Resources */ = {isa = PBXBuildFile; fileRef = F9A76D462915356C006636D2 /* Assets.xcassets */; };
		F9A76D4A2915356C006636D2 /* LaunchScreen.storyboard in Resources */ = {isa = PBXBuildFile; fileRef = F9A76D482915356C006636D2 /* LaunchScreen.storyboard */; };
		F9A76D552915356C006636D2 /* MovieBrowserTests.swift in Sources */ = {isa = PBXBuildFile; fileRef = F9A76D542915356C006636D2 /* MovieBrowserTests.swift */; };
		F9CDCE9C29155CC8005D9847 /* ApiManager.swift in Sources */ = {isa = PBXBuildFile; fileRef = F9CDCE9B29155CC8005D9847 /* ApiManager.swift */; };
		F9CDCE9E29155D17005D9847 /* MoviesViewController.swift in Sources */ = {isa = PBXBuildFile; fileRef = F9CDCE9D29155D17005D9847 /* MoviesViewController.swift */; };
		F9CDCEA029155DBD005D9847 /* TheMovieDBEndpoint.swift in Sources */ = {isa = PBXBuildFile; fileRef = F9CDCE9F29155DBD005D9847 /* TheMovieDBEndpoint.swift */; };
		F9CDCEA229155DCE005D9847 /* UnknownApiError.swift in Sources */ = {isa = PBXBuildFile; fileRef = F9CDCEA129155DCE005D9847 /* UnknownApiError.swift */; };
		F9CDCEA529155DF9005D9847 /* Genre.swift in Sources */ = {isa = PBXBuildFile; fileRef = F9CDCEA429155DF9005D9847 /* Genre.swift */; };
/* End PBXBuildFile section */

/* Begin PBXContainerItemProxy section */
		F9A76D512915356C006636D2 /* PBXContainerItemProxy */ = {
			isa = PBXContainerItemProxy;
			containerPortal = F9A76D322915356B006636D2 /* Project object */;
			proxyType = 1;
			remoteGlobalIDString = F9A76D392915356B006636D2;
			remoteInfo = MovieBrowser;
		};
/* End PBXContainerItemProxy section */

/* Begin PBXFileReference section */
		E51563BD291A9C4700F723BE /* MoviesViewModel.swift */ = {isa = PBXFileReference; lastKnownFileType = sourcecode.swift; path = MoviesViewModel.swift; sourceTree = "<group>"; };
		E51563C1291AA7F200F723BE /* Movie.swift */ = {isa = PBXFileReference; lastKnownFileType = sourcecode.swift; path = Movie.swift; sourceTree = "<group>"; };
		E51563C3291ABDC600F723BE /* MovieCell.swift */ = {isa = PBXFileReference; lastKnownFileType = sourcecode.swift; path = MovieCell.swift; sourceTree = "<group>"; };
		E51563C5291ABE4200F723BE /* ProvidableProtocol.swift */ = {isa = PBXFileReference; lastKnownFileType = sourcecode.swift; path = ProvidableProtocol.swift; sourceTree = "<group>"; };
		E51563C8291AC0E500F723BE /* DefaultCellLayout.swift */ = {isa = PBXFileReference; lastKnownFileType = sourcecode.swift; path = DefaultCellLayout.swift; sourceTree = "<group>"; };
		E51563CA291AC31300F723BE /* Colors.swift */ = {isa = PBXFileReference; lastKnownFileType = sourcecode.swift; path = Colors.swift; sourceTree = "<group>"; };
		E51563CC291AC82F00F723BE /* Images.swift */ = {isa = PBXFileReference; lastKnownFileType = sourcecode.swift; path = Images.swift; sourceTree = "<group>"; };
		E51563CE291AC92700F723BE /* TableViewDiffableDataSourceViewModel.swift */ = {isa = PBXFileReference; lastKnownFileType = sourcecode.swift; path = TableViewDiffableDataSourceViewModel.swift; sourceTree = "<group>"; };
		E51563D0291ACA3000F723BE /* Binding.swift */ = {isa = PBXFileReference; lastKnownFileType = sourcecode.swift; path = Binding.swift; sourceTree = "<group>"; };
		E51563D2291ACCAF00F723BE /* MoviesTableViewHandler.swift */ = {isa = PBXFileReference; lastKnownFileType = sourcecode.swift; path = MoviesTableViewHandler.swift; sourceTree = "<group>"; };
		E51563D6291BA4AA00F723BE /* String+Extension.swift */ = {isa = PBXFileReference; lastKnownFileType = sourcecode.swift; path = "String+Extension.swift"; sourceTree = "<group>"; };
		E51563D8291BA97F00F723BE /* DateFormatter+Extension.swift */ = {isa = PBXFileReference; lastKnownFileType = sourcecode.swift; path = "DateFormatter+Extension.swift"; sourceTree = "<group>"; };
		E51563DA291BE4F000F723BE /* DataProvider.swift */ = {isa = PBXFileReference; lastKnownFileType = sourcecode.swift; path = DataProvider.swift; sourceTree = "<group>"; };
		E51563DC291BE5CC00F723BE /* MovieDetails.swift */ = {isa = PBXFileReference; lastKnownFileType = sourcecode.swift; path = MovieDetails.swift; sourceTree = "<group>"; };
		E589543C291D3ED800E613B4 /* ImageDownloader.swift */ = {isa = PBXFileReference; lastKnownFileType = sourcecode.swift; path = ImageDownloader.swift; sourceTree = "<group>"; };
		E589543E291D3FCF00E613B4 /* ImageCache.swift */ = {isa = PBXFileReference; lastKnownFileType = sourcecode.swift; path = ImageCache.swift; sourceTree = "<group>"; };
		E5895440291D476000E613B4 /* MovieCellViewModel.swift */ = {isa = PBXFileReference; lastKnownFileType = sourcecode.swift; path = MovieCellViewModel.swift; sourceTree = "<group>"; };
		E5D89E5E291E76010087D932 /* SceneFactory.swift */ = {isa = PBXFileReference; lastKnownFileType = sourcecode.swift; path = SceneFactory.swift; sourceTree = "<group>"; };
		E5D89E60291E787C0087D932 /* GenresConfigurator.swift */ = {isa = PBXFileReference; lastKnownFileType = sourcecode.swift; path = GenresConfigurator.swift; sourceTree = "<group>"; };
		E5D89E63291E7BF90087D932 /* MovieSceneConfigurator.swift */ = {isa = PBXFileReference; lastKnownFileType = sourcecode.swift; path = MovieSceneConfigurator.swift; sourceTree = "<group>"; };
		E5D89E65291E89390087D932 /* GenresViewModel.swift */ = {isa = PBXFileReference; lastKnownFileType = sourcecode.swift; path = GenresViewModel.swift; sourceTree = "<group>"; };
		E5D89E67291FC9FB0087D932 /* UIView+Extension.swift */ = {isa = PBXFileReference; lastKnownFileType = sourcecode.swift; path = "UIView+Extension.swift"; sourceTree = "<group>"; };
		F9A76D3A2915356B006636D2 /* MovieBrowser.app */ = {isa = PBXFileReference; explicitFileType = wrapper.application; includeInIndex = 0; path = MovieBrowser.app; sourceTree = BUILT_PRODUCTS_DIR; };
		F9A76D3D2915356B006636D2 /* AppDelegate.swift */ = {isa = PBXFileReference; lastKnownFileType = sourcecode.swift; path = AppDelegate.swift; sourceTree = "<group>"; };
		F9A76D3F2915356B006636D2 /* SceneDelegate.swift */ = {isa = PBXFileReference; lastKnownFileType = sourcecode.swift; path = SceneDelegate.swift; sourceTree = "<group>"; };
		F9A76D412915356B006636D2 /* GenresViewController.swift */ = {isa = PBXFileReference; lastKnownFileType = sourcecode.swift; path = GenresViewController.swift; sourceTree = "<group>"; };
		F9A76D462915356C006636D2 /* Assets.xcassets */ = {isa = PBXFileReference; lastKnownFileType = folder.assetcatalog; path = Assets.xcassets; sourceTree = "<group>"; };
		F9A76D492915356C006636D2 /* Base */ = {isa = PBXFileReference; lastKnownFileType = file.storyboard; name = Base; path = Base.lproj/LaunchScreen.storyboard; sourceTree = "<group>"; };
		F9A76D4B2915356C006636D2 /* Info.plist */ = {isa = PBXFileReference; lastKnownFileType = text.plist.xml; path = Info.plist; sourceTree = "<group>"; };
		F9A76D502915356C006636D2 /* MovieBrowserTests.xctest */ = {isa = PBXFileReference; explicitFileType = wrapper.cfbundle; includeInIndex = 0; path = MovieBrowserTests.xctest; sourceTree = BUILT_PRODUCTS_DIR; };
		F9A76D542915356C006636D2 /* MovieBrowserTests.swift */ = {isa = PBXFileReference; lastKnownFileType = sourcecode.swift; path = MovieBrowserTests.swift; sourceTree = "<group>"; };
		F9CDCE9B29155CC8005D9847 /* ApiManager.swift */ = {isa = PBXFileReference; lastKnownFileType = sourcecode.swift; path = ApiManager.swift; sourceTree = "<group>"; };
		F9CDCE9D29155D17005D9847 /* MoviesViewController.swift */ = {isa = PBXFileReference; lastKnownFileType = sourcecode.swift; path = MoviesViewController.swift; sourceTree = "<group>"; };
		F9CDCE9F29155DBD005D9847 /* TheMovieDBEndpoint.swift */ = {isa = PBXFileReference; lastKnownFileType = sourcecode.swift; path = TheMovieDBEndpoint.swift; sourceTree = "<group>"; };
		F9CDCEA129155DCE005D9847 /* UnknownApiError.swift */ = {isa = PBXFileReference; lastKnownFileType = sourcecode.swift; path = UnknownApiError.swift; sourceTree = "<group>"; };
		F9CDCEA429155DF9005D9847 /* Genre.swift */ = {isa = PBXFileReference; lastKnownFileType = sourcecode.swift; path = Genre.swift; sourceTree = "<group>"; };
/* End PBXFileReference section */

/* Begin PBXFrameworksBuildPhase section */
		F9A76D372915356B006636D2 /* Frameworks */ = {
			isa = PBXFrameworksBuildPhase;
			buildActionMask = 2147483647;
			files = (
			);
			runOnlyForDeploymentPostprocessing = 0;
		};
		F9A76D4D2915356C006636D2 /* Frameworks */ = {
			isa = PBXFrameworksBuildPhase;
			buildActionMask = 2147483647;
			files = (
			);
			runOnlyForDeploymentPostprocessing = 0;
		};
/* End PBXFrameworksBuildPhase section */

/* Begin PBXGroup section */
		E51563BB291A9B8900F723BE /* GenresScreen */ = {
			isa = PBXGroup;
			children = (
				F9A76D412915356B006636D2 /* GenresViewController.swift */,
				E5D89E60291E787C0087D932 /* GenresConfigurator.swift */,
				E5D89E65291E89390087D932 /* GenresViewModel.swift */,
			);
			path = GenresScreen;
			sourceTree = "<group>";
		};
		E51563BC291A9BB200F723BE /* MoviesScreen */ = {
			isa = PBXGroup;
			children = (
				F9CDCE9D29155D17005D9847 /* MoviesViewController.swift */,
				E51563C3291ABDC600F723BE /* MovieCell.swift */,
				E51563BD291A9C4700F723BE /* MoviesViewModel.swift */,
				E51563D2291ACCAF00F723BE /* MoviesTableViewHandler.swift */,
				E5895440291D476000E613B4 /* MovieCellViewModel.swift */,
				E5D89E63291E7BF90087D932 /* MovieSceneConfigurator.swift */,
			);
			path = MoviesScreen;
			sourceTree = "<group>";
		};
		E51563C7291AC0D200F723BE /* Common */ = {
			isa = PBXGroup;
			children = (
				E5D89E5D291E75EC0087D932 /* Factory */,
				E51563D5291BA45D00F723BE /* Extension */,
				E51563D4291ACE0100F723BE /* TableView */,
				E51563C8291AC0E500F723BE /* DefaultCellLayout.swift */,
				E51563CA291AC31300F723BE /* Colors.swift */,
				E51563CC291AC82F00F723BE /* Images.swift */,
			);
			path = Common;
			sourceTree = "<group>";
		};
		E51563D4291ACE0100F723BE /* TableView */ = {
			isa = PBXGroup;
			children = (
				E51563C5291ABE4200F723BE /* ProvidableProtocol.swift */,
				E51563CE291AC92700F723BE /* TableViewDiffableDataSourceViewModel.swift */,
				E51563D0291ACA3000F723BE /* Binding.swift */,
			);
			path = TableView;
			sourceTree = "<group>";
		};
		E51563D5291BA45D00F723BE /* Extension */ = {
			isa = PBXGroup;
			children = (
				E51563D6291BA4AA00F723BE /* String+Extension.swift */,
				E51563D8291BA97F00F723BE /* DateFormatter+Extension.swift */,
				E5D89E67291FC9FB0087D932 /* UIView+Extension.swift */,
			);
			path = Extension;
			sourceTree = "<group>";
		};
		E5D89E5D291E75EC0087D932 /* Factory */ = {
			isa = PBXGroup;
			children = (
				E5D89E5E291E76010087D932 /* SceneFactory.swift */,
			);
			path = Factory;
			sourceTree = "<group>";
		};
		F9A76D312915356B006636D2 = {
			isa = PBXGroup;
			children = (
				F9A76D3C2915356B006636D2 /* MovieBrowser */,
				F9A76D532915356C006636D2 /* MovieBrowserTests */,
				F9A76D3B2915356B006636D2 /* Products */,
			);
			sourceTree = "<group>";
		};
		F9A76D3B2915356B006636D2 /* Products */ = {
			isa = PBXGroup;
			children = (
				F9A76D3A2915356B006636D2 /* MovieBrowser.app */,
				F9A76D502915356C006636D2 /* MovieBrowserTests.xctest */,
			);
			name = Products;
			sourceTree = "<group>";
		};
		F9A76D3C2915356B006636D2 /* MovieBrowser */ = {
			isa = PBXGroup;
			children = (
				E51563C7291AC0D200F723BE /* Common */,
				F9CDCE9329155BE0005D9847 /* Screen */,
				F9CDCEA329155DEA005D9847 /* Entities */,
				F9CDCE9429155BE5005D9847 /* DataProviders */,
				F9CDCE9529155BED005D9847 /* Network */,
				F9CDCE9629155C36005D9847 /* Resources */,
				F9A76D3D2915356B006636D2 /* AppDelegate.swift */,
				F9A76D3F2915356B006636D2 /* SceneDelegate.swift */,
				F9A76D4B2915356C006636D2 /* Info.plist */,
			);
			path = MovieBrowser;
			sourceTree = "<group>";
		};
		F9A76D532915356C006636D2 /* MovieBrowserTests */ = {
			isa = PBXGroup;
			children = (
				F9A76D542915356C006636D2 /* MovieBrowserTests.swift */,
			);
			path = MovieBrowserTests;
			sourceTree = "<group>";
		};
		F9CDCE9329155BE0005D9847 /* Screen */ = {
			isa = PBXGroup;
			children = (
				E51563BC291A9BB200F723BE /* MoviesScreen */,
				E51563BB291A9B8900F723BE /* GenresScreen */,
			);
			path = Screen;
			sourceTree = "<group>";
		};
		F9CDCE9429155BE5005D9847 /* DataProviders */ = {
			isa = PBXGroup;
			children = (
				E51563DA291BE4F000F723BE /* DataProvider.swift */,
				E589543C291D3ED800E613B4 /* ImageDownloader.swift */,
				E589543E291D3FCF00E613B4 /* ImageCache.swift */,
			);
			path = DataProviders;
			sourceTree = "<group>";
		};
		F9CDCE9529155BED005D9847 /* Network */ = {
			isa = PBXGroup;
			children = (
				F9CDCE9B29155CC8005D9847 /* ApiManager.swift */,
				F9CDCE9F29155DBD005D9847 /* TheMovieDBEndpoint.swift */,
				F9CDCEA129155DCE005D9847 /* UnknownApiError.swift */,
			);
			path = Network;
			sourceTree = "<group>";
		};
		F9CDCE9629155C36005D9847 /* Resources */ = {
			isa = PBXGroup;
			children = (
				F9A76D482915356C006636D2 /* LaunchScreen.storyboard */,
				F9A76D462915356C006636D2 /* Assets.xcassets */,
			);
			path = Resources;
			sourceTree = "<group>";
		};
		F9CDCEA329155DEA005D9847 /* Entities */ = {
			isa = PBXGroup;
			children = (
				F9CDCEA429155DF9005D9847 /* Genre.swift */,
				E51563C1291AA7F200F723BE /* Movie.swift */,
				E51563DC291BE5CC00F723BE /* MovieDetails.swift */,
			);
			path = Entities;
			sourceTree = "<group>";
		};
/* End PBXGroup section */

/* Begin PBXNativeTarget section */
		F9A76D392915356B006636D2 /* MovieBrowser */ = {
			isa = PBXNativeTarget;
			buildConfigurationList = F9A76D642915356C006636D2 /* Build configuration list for PBXNativeTarget "MovieBrowser" */;
			buildPhases = (
				F9A76D362915356B006636D2 /* Sources */,
				F9A76D372915356B006636D2 /* Frameworks */,
				F9A76D382915356B006636D2 /* Resources */,
			);
			buildRules = (
			);
			dependencies = (
			);
			name = MovieBrowser;
			productName = MovieBrowser;
			productReference = F9A76D3A2915356B006636D2 /* MovieBrowser.app */;
			productType = "com.apple.product-type.application";
		};
		F9A76D4F2915356C006636D2 /* MovieBrowserTests */ = {
			isa = PBXNativeTarget;
			buildConfigurationList = F9A76D672915356C006636D2 /* Build configuration list for PBXNativeTarget "MovieBrowserTests" */;
			buildPhases = (
				F9A76D4C2915356C006636D2 /* Sources */,
				F9A76D4D2915356C006636D2 /* Frameworks */,
				F9A76D4E2915356C006636D2 /* Resources */,
			);
			buildRules = (
			);
			dependencies = (
				F9A76D522915356C006636D2 /* PBXTargetDependency */,
			);
			name = MovieBrowserTests;
			productName = MovieBrowserTests;
			productReference = F9A76D502915356C006636D2 /* MovieBrowserTests.xctest */;
			productType = "com.apple.product-type.bundle.unit-test";
		};
/* End PBXNativeTarget section */

/* Begin PBXProject section */
		F9A76D322915356B006636D2 /* Project object */ = {
			isa = PBXProject;
			attributes = {
				BuildIndependentTargetsInParallel = 1;
				LastSwiftUpdateCheck = 1410;
				LastUpgradeCheck = 1410;
				TargetAttributes = {
					F9A76D392915356B006636D2 = {
						CreatedOnToolsVersion = 14.1;
					};
					F9A76D4F2915356C006636D2 = {
						CreatedOnToolsVersion = 14.1;
						TestTargetID = F9A76D392915356B006636D2;
					};
				};
			};
			buildConfigurationList = F9A76D352915356B006636D2 /* Build configuration list for PBXProject "MovieBrowser" */;
			compatibilityVersion = "Xcode 14.0";
			developmentRegion = en;
			hasScannedForEncodings = 0;
			knownRegions = (
				en,
				Base,
			);
			mainGroup = F9A76D312915356B006636D2;
			productRefGroup = F9A76D3B2915356B006636D2 /* Products */;
			projectDirPath = "";
			projectRoot = "";
			targets = (
				F9A76D392915356B006636D2 /* MovieBrowser */,
				F9A76D4F2915356C006636D2 /* MovieBrowserTests */,
			);
		};
/* End PBXProject section */

/* Begin PBXResourcesBuildPhase section */
		F9A76D382915356B006636D2 /* Resources */ = {
			isa = PBXResourcesBuildPhase;
			buildActionMask = 2147483647;
			files = (
				F9A76D4A2915356C006636D2 /* LaunchScreen.storyboard in Resources */,
				F9A76D472915356C006636D2 /* Assets.xcassets in Resources */,
			);
			runOnlyForDeploymentPostprocessing = 0;
		};
		F9A76D4E2915356C006636D2 /* Resources */ = {
			isa = PBXResourcesBuildPhase;
			buildActionMask = 2147483647;
			files = (
			);
			runOnlyForDeploymentPostprocessing = 0;
		};
/* End PBXResourcesBuildPhase section */

/* Begin PBXSourcesBuildPhase section */
		F9A76D362915356B006636D2 /* Sources */ = {
			isa = PBXSourcesBuildPhase;
			buildActionMask = 2147483647;
			files = (
				E51563C4291ABDC600F723BE /* MovieCell.swift in Sources */,
				E51563D7291BA4AB00F723BE /* String+Extension.swift in Sources */,
				F9CDCEA529155DF9005D9847 /* Genre.swift in Sources */,
				E589543D291D3ED800E613B4 /* ImageDownloader.swift in Sources */,
				E5D89E66291E89390087D932 /* GenresViewModel.swift in Sources */,
				E51563C9291AC0E500F723BE /* DefaultCellLayout.swift in Sources */,
				E51563C2291AA7F200F723BE /* Movie.swift in Sources */,
				F9A76D422915356B006636D2 /* GenresViewController.swift in Sources */,
				F9A76D3E2915356B006636D2 /* AppDelegate.swift in Sources */,
				F9CDCE9C29155CC8005D9847 /* ApiManager.swift in Sources */,
				E5D89E61291E787C0087D932 /* GenresConfigurator.swift in Sources */,
				E51563DB291BE4F000F723BE /* DataProvider.swift in Sources */,
				E51563DD291BE5CC00F723BE /* MovieDetails.swift in Sources */,
				E5D89E64291E7BF90087D932 /* MovieSceneConfigurator.swift in Sources */,
				E51563CB291AC31300F723BE /* Colors.swift in Sources */,
				E51563D1291ACA3000F723BE /* Binding.swift in Sources */,
				E5895441291D476000E613B4 /* MovieCellViewModel.swift in Sources */,
				F9CDCEA229155DCE005D9847 /* UnknownApiError.swift in Sources */,
				E5D89E68291FC9FB0087D932 /* UIView+Extension.swift in Sources */,
				F9A76D402915356B006636D2 /* SceneDelegate.swift in Sources */,
				F9CDCEA029155DBD005D9847 /* TheMovieDBEndpoint.swift in Sources */,
				F9CDCE9E29155D17005D9847 /* MoviesViewController.swift in Sources */,
				E51563BE291A9C4700F723BE /* MoviesViewModel.swift in Sources */,
				E5D89E5F291E76010087D932 /* SceneFactory.swift in Sources */,
				E589543F291D3FCF00E613B4 /* ImageCache.swift in Sources */,
				E51563CF291AC92700F723BE /* TableViewDiffableDataSourceViewModel.swift in Sources */,
				E51563D3291ACCAF00F723BE /* MoviesTableViewHandler.swift in Sources */,
				E51563C6291ABE4200F723BE /* ProvidableProtocol.swift in Sources */,
				E51563D9291BA97F00F723BE /* DateFormatter+Extension.swift in Sources */,
				E51563CD291AC82F00F723BE /* Images.swift in Sources */,
			);
			runOnlyForDeploymentPostprocessing = 0;
		};
		F9A76D4C2915356C006636D2 /* Sources */ = {
			isa = PBXSourcesBuildPhase;
			buildActionMask = 2147483647;
			files = (
				F9A76D552915356C006636D2 /* MovieBrowserTests.swift in Sources */,
			);
			runOnlyForDeploymentPostprocessing = 0;
		};
/* End PBXSourcesBuildPhase section */

/* Begin PBXTargetDependency section */
		F9A76D522915356C006636D2 /* PBXTargetDependency */ = {
			isa = PBXTargetDependency;
			target = F9A76D392915356B006636D2 /* MovieBrowser */;
			targetProxy = F9A76D512915356C006636D2 /* PBXContainerItemProxy */;
		};
/* End PBXTargetDependency section */

/* Begin PBXVariantGroup section */
		F9A76D482915356C006636D2 /* LaunchScreen.storyboard */ = {
			isa = PBXVariantGroup;
			children = (
				F9A76D492915356C006636D2 /* Base */,
			);
			name = LaunchScreen.storyboard;
			sourceTree = "<group>";
		};
/* End PBXVariantGroup section */

/* Begin XCBuildConfiguration section */
		F9A76D622915356C006636D2 /* Debug */ = {
			isa = XCBuildConfiguration;
			buildSettings = {
				ALWAYS_SEARCH_USER_PATHS = NO;
				CLANG_ANALYZER_NONNULL = YES;
				CLANG_ANALYZER_NUMBER_OBJECT_CONVERSION = YES_AGGRESSIVE;
				CLANG_CXX_LANGUAGE_STANDARD = "gnu++20";
				CLANG_ENABLE_MODULES = YES;
				CLANG_ENABLE_OBJC_ARC = YES;
				CLANG_ENABLE_OBJC_WEAK = YES;
				CLANG_WARN_BLOCK_CAPTURE_AUTORELEASING = YES;
				CLANG_WARN_BOOL_CONVERSION = YES;
				CLANG_WARN_COMMA = YES;
				CLANG_WARN_CONSTANT_CONVERSION = YES;
				CLANG_WARN_DEPRECATED_OBJC_IMPLEMENTATIONS = YES;
				CLANG_WARN_DIRECT_OBJC_ISA_USAGE = YES_ERROR;
				CLANG_WARN_DOCUMENTATION_COMMENTS = YES;
				CLANG_WARN_EMPTY_BODY = YES;
				CLANG_WARN_ENUM_CONVERSION = YES;
				CLANG_WARN_INFINITE_RECURSION = YES;
				CLANG_WARN_INT_CONVERSION = YES;
				CLANG_WARN_NON_LITERAL_NULL_CONVERSION = YES;
				CLANG_WARN_OBJC_IMPLICIT_RETAIN_SELF = YES;
				CLANG_WARN_OBJC_LITERAL_CONVERSION = YES;
				CLANG_WARN_OBJC_ROOT_CLASS = YES_ERROR;
				CLANG_WARN_QUOTED_INCLUDE_IN_FRAMEWORK_HEADER = YES;
				CLANG_WARN_RANGE_LOOP_ANALYSIS = YES;
				CLANG_WARN_STRICT_PROTOTYPES = YES;
				CLANG_WARN_SUSPICIOUS_MOVE = YES;
				CLANG_WARN_UNGUARDED_AVAILABILITY = YES_AGGRESSIVE;
				CLANG_WARN_UNREACHABLE_CODE = YES;
				CLANG_WARN__DUPLICATE_METHOD_MATCH = YES;
				COPY_PHASE_STRIP = NO;
				DEBUG_INFORMATION_FORMAT = dwarf;
				ENABLE_STRICT_OBJC_MSGSEND = YES;
				ENABLE_TESTABILITY = YES;
				GCC_C_LANGUAGE_STANDARD = gnu11;
				GCC_DYNAMIC_NO_PIC = NO;
				GCC_NO_COMMON_BLOCKS = YES;
				GCC_OPTIMIZATION_LEVEL = 0;
				GCC_PREPROCESSOR_DEFINITIONS = (
					"DEBUG=1",
					"$(inherited)",
				);
				GCC_WARN_64_TO_32_BIT_CONVERSION = YES;
				GCC_WARN_ABOUT_RETURN_TYPE = YES_ERROR;
				GCC_WARN_UNDECLARED_SELECTOR = YES;
				GCC_WARN_UNINITIALIZED_AUTOS = YES_AGGRESSIVE;
				GCC_WARN_UNUSED_FUNCTION = YES;
				GCC_WARN_UNUSED_VARIABLE = YES;
				IPHONEOS_DEPLOYMENT_TARGET = 16.1;
				MTL_ENABLE_DEBUG_INFO = INCLUDE_SOURCE;
				MTL_FAST_MATH = YES;
				ONLY_ACTIVE_ARCH = YES;
				SDKROOT = iphoneos;
				SWIFT_ACTIVE_COMPILATION_CONDITIONS = DEBUG;
				SWIFT_OPTIMIZATION_LEVEL = "-Onone";
			};
			name = Debug;
		};
		F9A76D632915356C006636D2 /* Release */ = {
			isa = XCBuildConfiguration;
			buildSettings = {
				ALWAYS_SEARCH_USER_PATHS = NO;
				CLANG_ANALYZER_NONNULL = YES;
				CLANG_ANALYZER_NUMBER_OBJECT_CONVERSION = YES_AGGRESSIVE;
				CLANG_CXX_LANGUAGE_STANDARD = "gnu++20";
				CLANG_ENABLE_MODULES = YES;
				CLANG_ENABLE_OBJC_ARC = YES;
				CLANG_ENABLE_OBJC_WEAK = YES;
				CLANG_WARN_BLOCK_CAPTURE_AUTORELEASING = YES;
				CLANG_WARN_BOOL_CONVERSION = YES;
				CLANG_WARN_COMMA = YES;
				CLANG_WARN_CONSTANT_CONVERSION = YES;
				CLANG_WARN_DEPRECATED_OBJC_IMPLEMENTATIONS = YES;
				CLANG_WARN_DIRECT_OBJC_ISA_USAGE = YES_ERROR;
				CLANG_WARN_DOCUMENTATION_COMMENTS = YES;
				CLANG_WARN_EMPTY_BODY = YES;
				CLANG_WARN_ENUM_CONVERSION = YES;
				CLANG_WARN_INFINITE_RECURSION = YES;
				CLANG_WARN_INT_CONVERSION = YES;
				CLANG_WARN_NON_LITERAL_NULL_CONVERSION = YES;
				CLANG_WARN_OBJC_IMPLICIT_RETAIN_SELF = YES;
				CLANG_WARN_OBJC_LITERAL_CONVERSION = YES;
				CLANG_WARN_OBJC_ROOT_CLASS = YES_ERROR;
				CLANG_WARN_QUOTED_INCLUDE_IN_FRAMEWORK_HEADER = YES;
				CLANG_WARN_RANGE_LOOP_ANALYSIS = YES;
				CLANG_WARN_STRICT_PROTOTYPES = YES;
				CLANG_WARN_SUSPICIOUS_MOVE = YES;
				CLANG_WARN_UNGUARDED_AVAILABILITY = YES_AGGRESSIVE;
				CLANG_WARN_UNREACHABLE_CODE = YES;
				CLANG_WARN__DUPLICATE_METHOD_MATCH = YES;
				COPY_PHASE_STRIP = NO;
				DEBUG_INFORMATION_FORMAT = "dwarf-with-dsym";
				ENABLE_NS_ASSERTIONS = NO;
				ENABLE_STRICT_OBJC_MSGSEND = YES;
				GCC_C_LANGUAGE_STANDARD = gnu11;
				GCC_NO_COMMON_BLOCKS = YES;
				GCC_WARN_64_TO_32_BIT_CONVERSION = YES;
				GCC_WARN_ABOUT_RETURN_TYPE = YES_ERROR;
				GCC_WARN_UNDECLARED_SELECTOR = YES;
				GCC_WARN_UNINITIALIZED_AUTOS = YES_AGGRESSIVE;
				GCC_WARN_UNUSED_FUNCTION = YES;
				GCC_WARN_UNUSED_VARIABLE = YES;
				IPHONEOS_DEPLOYMENT_TARGET = 16.1;
				MTL_ENABLE_DEBUG_INFO = NO;
				MTL_FAST_MATH = YES;
				SDKROOT = iphoneos;
				SWIFT_COMPILATION_MODE = wholemodule;
				SWIFT_OPTIMIZATION_LEVEL = "-O";
				VALIDATE_PRODUCT = YES;
			};
			name = Release;
		};
		F9A76D652915356C006636D2 /* Debug */ = {
			isa = XCBuildConfiguration;
			buildSettings = {
				ASSETCATALOG_COMPILER_APPICON_NAME = AppIcon;
				ASSETCATALOG_COMPILER_GLOBAL_ACCENT_COLOR_NAME = AccentColor;
				CODE_SIGN_STYLE = Automatic;
				CURRENT_PROJECT_VERSION = 1;
				DEVELOPMENT_TEAM = V8ZG3WLBMM;
				GENERATE_INFOPLIST_FILE = YES;
				INFOPLIST_FILE = MovieBrowser/Info.plist;
				INFOPLIST_KEY_UIApplicationSupportsIndirectInputEvents = YES;
				INFOPLIST_KEY_UILaunchStoryboardName = LaunchScreen;
				INFOPLIST_KEY_UISupportedInterfaceOrientations = UIInterfaceOrientationPortrait;
				IPHONEOS_DEPLOYMENT_TARGET = 16.0;
				LD_RUNPATH_SEARCH_PATHS = (
					"$(inherited)",
					"@executable_path/Frameworks",
				);
				MARKETING_VERSION = 1.0;
				PRODUCT_BUNDLE_IDENTIFIER = com.lakecoloring.MovieBrowser;
				PRODUCT_NAME = "$(TARGET_NAME)";
				SWIFT_EMIT_LOC_STRINGS = YES;
				SWIFT_VERSION = 5.0;
				TARGETED_DEVICE_FAMILY = "1,2";
			};
			name = Debug;
		};
		F9A76D662915356C006636D2 /* Release */ = {
			isa = XCBuildConfiguration;
			buildSettings = {
				ASSETCATALOG_COMPILER_APPICON_NAME = AppIcon;
				ASSETCATALOG_COMPILER_GLOBAL_ACCENT_COLOR_NAME = AccentColor;
				CODE_SIGN_STYLE = Automatic;
				CURRENT_PROJECT_VERSION = 1;
				DEVELOPMENT_TEAM = V8ZG3WLBMM;
				GENERATE_INFOPLIST_FILE = YES;
				INFOPLIST_FILE = MovieBrowser/Info.plist;
				INFOPLIST_KEY_UIApplicationSupportsIndirectInputEvents = YES;
				INFOPLIST_KEY_UILaunchStoryboardName = LaunchScreen;
				INFOPLIST_KEY_UISupportedInterfaceOrientations = UIInterfaceOrientationPortrait;
				IPHONEOS_DEPLOYMENT_TARGET = 16.0;
				LD_RUNPATH_SEARCH_PATHS = (
					"$(inherited)",
					"@executable_path/Frameworks",
				);
				MARKETING_VERSION = 1.0;
				PRODUCT_BUNDLE_IDENTIFIER = com.lakecoloring.MovieBrowser;
				PRODUCT_NAME = "$(TARGET_NAME)";
				SWIFT_EMIT_LOC_STRINGS = YES;
				SWIFT_VERSION = 5.0;
				TARGETED_DEVICE_FAMILY = "1,2";
			};
			name = Release;
		};
		F9A76D682915356C006636D2 /* Debug */ = {
			isa = XCBuildConfiguration;
			buildSettings = {
				ALWAYS_EMBED_SWIFT_STANDARD_LIBRARIES = YES;
				BUNDLE_LOADER = "$(TEST_HOST)";
				CODE_SIGN_STYLE = Automatic;
				CURRENT_PROJECT_VERSION = 1;
				DEVELOPMENT_TEAM = QVDGR7S7FA;
				GENERATE_INFOPLIST_FILE = YES;
				IPHONEOS_DEPLOYMENT_TARGET = 16.1;
				MARKETING_VERSION = 1.0;
				PRODUCT_BUNDLE_IDENTIFIER = com.lakecoloring.MovieBrowserTests;
				PRODUCT_NAME = "$(TARGET_NAME)";
				SWIFT_EMIT_LOC_STRINGS = NO;
				SWIFT_VERSION = 5.0;
				TARGETED_DEVICE_FAMILY = "1,2";
				TEST_HOST = "$(BUILT_PRODUCTS_DIR)/MovieBrowser.app/$(BUNDLE_EXECUTABLE_FOLDER_PATH)/MovieBrowser";
			};
			name = Debug;
		};
		F9A76D692915356C006636D2 /* Release */ = {
			isa = XCBuildConfiguration;
			buildSettings = {
				ALWAYS_EMBED_SWIFT_STANDARD_LIBRARIES = YES;
				BUNDLE_LOADER = "$(TEST_HOST)";
				CODE_SIGN_STYLE = Automatic;
				CURRENT_PROJECT_VERSION = 1;
				DEVELOPMENT_TEAM = QVDGR7S7FA;
				GENERATE_INFOPLIST_FILE = YES;
				IPHONEOS_DEPLOYMENT_TARGET = 16.1;
				MARKETING_VERSION = 1.0;
				PRODUCT_BUNDLE_IDENTIFIER = com.lakecoloring.MovieBrowserTests;
				PRODUCT_NAME = "$(TARGET_NAME)";
				SWIFT_EMIT_LOC_STRINGS = NO;
				SWIFT_VERSION = 5.0;
				TARGETED_DEVICE_FAMILY = "1,2";
				TEST_HOST = "$(BUILT_PRODUCTS_DIR)/MovieBrowser.app/$(BUNDLE_EXECUTABLE_FOLDER_PATH)/MovieBrowser";
			};
			name = Release;
		};
/* End XCBuildConfiguration section */

/* Begin XCConfigurationList section */
		F9A76D352915356B006636D2 /* Build configuration list for PBXProject "MovieBrowser" */ = {
			isa = XCConfigurationList;
			buildConfigurations = (
				F9A76D622915356C006636D2 /* Debug */,
				F9A76D632915356C006636D2 /* Release */,
			);
			defaultConfigurationIsVisible = 0;
			defaultConfigurationName = Release;
		};
		F9A76D642915356C006636D2 /* Build configuration list for PBXNativeTarget "MovieBrowser" */ = {
			isa = XCConfigurationList;
			buildConfigurations = (
				F9A76D652915356C006636D2 /* Debug */,
				F9A76D662915356C006636D2 /* Release */,
			);
			defaultConfigurationIsVisible = 0;
			defaultConfigurationName = Release;
		};
		F9A76D672915356C006636D2 /* Build configuration list for PBXNativeTarget "MovieBrowserTests" */ = {
			isa = XCConfigurationList;
			buildConfigurations = (
				F9A76D682915356C006636D2 /* Debug */,
				F9A76D692915356C006636D2 /* Release */,
			);
			defaultConfigurationIsVisible = 0;
			defaultConfigurationName = Release;
		};
/* End XCConfigurationList section */
	};
	rootObject = F9A76D322915356B006636D2 /* Project object */;
}
